PODS:
  - AFNetworking (3.2.1):
    - AFNetworking/NSURLSession (= 3.2.1)
    - AFNetworking/Reachability (= 3.2.1)
    - AFNetworking/Security (= 3.2.1)
    - AFNetworking/Serialization (= 3.2.1)
    - AFNetworking/UIKit (= 3.2.1)
  - AFNetworking/NSURLSession (3.2.1):
    - AFNetworking/Reachability
    - AFNetworking/Security
    - AFNetworking/Serialization
  - AFNetworking/Reachability (3.2.1)
  - AFNetworking/Security (3.2.1)
  - AFNetworking/Serialization (3.2.1)
  - AFNetworking/UIKit (3.2.1):
    - AFNetworking/NSURLSession
  - AVOSCloud (12.1.2)

DEPENDENCIES:
  - AFNetworking
  - AVOSCloud

SPEC REPOS:
  trunk:
    - AFNetworking
    - AVOSCloud

SPEC CHECKSUMS:
  AFNetworking: b6f891fdfaed196b46c7a83cf209e09697b94057
  AVOSCloud: 2b7219f503cd0f14c64ee123768a0360ab7a335a

PODFILE CHECKSUM: 7c5cb8da4db9786a550c8977e32bd48d640e6b38

COCOAPODS: 1.8.4
