// !$*UTF8*$!
{
	archiveVersion = 1;
	classes = {
	};
	objectVersion = 51;
	objects = {

/* Begin PBXBuildFile section */
		8452DD6E241F740800672F32 /* AppDelegate.m in Sources */ = {isa = PBXBuildFile; fileRef = 8452DD6D241F740800672F32 /* AppDelegate.m */; };
		8452DD74241F740800672F32 /* ViewController.m in Sources */ = {isa = PBXBuildFile; fileRef = 8452DD73241F740800672F32 /* ViewController.m */; };
		8452DD77241F740800672F32 /* Main.storyboard in Resources */ = {isa = PBXBuildFile; fileRef = 8452DD75241F740800672F32 /* Main.storyboard */; };
		8452DD79241F740B00672F32 /* Assets.xcassets in Resources */ = {isa = PBXBuildFile; fileRef = 8452DD78241F740B00672F32 /* Assets.xcassets */; };
		8452DD7C241F740B00672F32 /* LaunchScreen.storyboard in Resources */ = {isa = PBXBuildFile; fileRef = 8452DD7A241F740B00672F32 /* LaunchScreen.storyboard */; };
		8452DD7F241F740B00672F32 /* main.m in Sources */ = {isa = PBXBuildFile; fileRef = 8452DD7E241F740B00672F32 /* main.m */; };
		8452DD89241F740B00672F32 /* NakitHowHuadeTests.m in Sources */ = {isa = PBXBuildFile; fileRef = 8452DD88241F740B00672F32 /* NakitHowHuadeTests.m */; };
		8452DD94241F740B00672F32 /* NakitHowHuadeUITests.m in Sources */ = {isa = PBXBuildFile; fileRef = 8452DD93241F740B00672F32 /* NakitHowHuadeUITests.m */; };
		8452DDA3241F75E900672F32 /* resources.bundle in Resources */ = {isa = PBXBuildFile; fileRef = 8452DDA2241F75E900672F32 /* resources.bundle */; };
		8452DDAE241F75F200672F32 /* animal.plist in Resources */ = {isa = PBXBuildFile; fileRef = 8452DDA7241F75F200672F32 /* animal.plist */; };
		8452DE48241FB37500672F32 /* e.appex in Embed App Extensions */ = {isa = PBXBuildFile; fileRef = 8452DE47241FB37500672F32 /* e.appex */; settings = {ATTRIBUTES = (RemoveHeadersOnCopy, ); }; };
		8452DE4C241FB37500672F32 /* Stickers.xcstickers in Resources */ = {isa = PBXBuildFile; fileRef = 8452DE4B241FB37500672F32 /* Stickers.xcstickers */; };
		8452DE4D241FB37500672F32 /* Stickers.xcstickers in Resources */ = {isa = PBXBuildFile; fileRef = 8452DE4B241FB37500672F32 /* Stickers.xcstickers */; };
		AFA435FDFF392EEEFCD2B3D5 /* libPods-NakitHowHuade.a in Frameworks */ = {isa = PBXBuildFile; fileRef = FAE2333E7BD2CFD662FDF817 /* libPods-NakitHowHuade.a */; };
/* End PBXBuildFile section */

/* Begin PBXContainerItemProxy section */
		8452DD85241F740B00672F32 /* PBXContainerItemProxy */ = {
			isa = PBXContainerItemProxy;
			containerPortal = 8452DD61241F740800672F32 /* Project object */;
			proxyType = 1;
			remoteGlobalIDString = 8452DD68241F740800672F32;
			remoteInfo = NakitHowHuade;
		};
		8452DD90241F740B00672F32 /* PBXContainerItemProxy */ = {
			isa = PBXContainerItemProxy;
			containerPortal = 8452DD61241F740800672F32 /* Project object */;
			proxyType = 1;
			remoteGlobalIDString = 8452DD68241F740800672F32;
			remoteInfo = NakitHowHuade;
		};
		8452DE49241FB37500672F32 /* PBXContainerItemProxy */ = {
			isa = PBXContainerItemProxy;
			containerPortal = 8452DD61241F740800672F32 /* Project object */;
			proxyType = 1;
			remoteGlobalIDString = 8452DE46241FB37500672F32;
			remoteInfo = "e StickerPackExtension";
		};
/* End PBXContainerItemProxy section */

/* Begin PBXCopyFilesBuildPhase section */
		8452DE51241FB37500672F32 /* Embed App Extensions */ = {
			isa = PBXCopyFilesBuildPhase;
			buildActionMask = 2147483647;
			dstPath = "";
			dstSubfolderSpec = 13;
			files = (
				8452DE48241FB37500672F32 /* e.appex in Embed App Extensions */,
			);
			name = "Embed App Extensions";
			runOnlyForDeploymentPostprocessing = 0;
		};
/* End PBXCopyFilesBuildPhase section */

/* Begin PBXFileReference section */
		8452DD69241F740800672F32 /* NakitHowHuade.app */ = {isa = PBXFileReference; explicitFileType = wrapper.application; includeInIndex = 0; path = NakitHowHuade.app; sourceTree = BUILT_PRODUCTS_DIR; };
		8452DD6C241F740800672F32 /* AppDelegate.h */ = {isa = PBXFileReference; lastKnownFileType = sourcecode.c.h; path = AppDelegate.h; sourceTree = "<group>"; };
		8452DD6D241F740800672F32 /* AppDelegate.m */ = {isa = PBXFileReference; lastKnownFileType = sourcecode.c.objc; path = AppDelegate.m; sourceTree = "<group>"; };
		8452DD72241F740800672F32 /* ViewController.h */ = {isa = PBXFileReference; lastKnownFileType = sourcecode.c.h; path = ViewController.h; sourceTree = "<group>"; };
		8452DD73241F740800672F32 /* ViewController.m */ = {isa = PBXFileReference; lastKnownFileType = sourcecode.c.objc; path = ViewController.m; sourceTree = "<group>"; };
		8452DD76241F740800672F32 /* Base */ = {isa = PBXFileReference; lastKnownFileType = file.storyboard; name = Base; path = Base.lproj/Main.storyboard; sourceTree = "<group>"; };
		8452DD78241F740B00672F32 /* Assets.xcassets */ = {isa = PBXFileReference; lastKnownFileType = folder.assetcatalog; path = Assets.xcassets; sourceTree = "<group>"; };
		8452DD7B241F740B00672F32 /* Base */ = {isa = PBXFileReference; lastKnownFileType = file.storyboard; name = Base; path = Base.lproj/LaunchScreen.storyboard; sourceTree = "<group>"; };
		8452DD7D241F740B00672F32 /* Info.plist */ = {isa = PBXFileReference; lastKnownFileType = text.plist.xml; path = Info.plist; sourceTree = "<group>"; };
		8452DD7E241F740B00672F32 /* main.m */ = {isa = PBXFileReference; lastKnownFileType = sourcecode.c.objc; path = main.m; sourceTree = "<group>"; };
		8452DD84241F740B00672F32 /* NakitHowHuadeTests.xctest */ = {isa = PBXFileReference; explicitFileType = wrapper.cfbundle; includeInIndex = 0; path = NakitHowHuadeTests.xctest; sourceTree = BUILT_PRODUCTS_DIR; };
		8452DD88241F740B00672F32 /* NakitHowHuadeTests.m */ = {isa = PBXFileReference; lastKnownFileType = sourcecode.c.objc; path = NakitHowHuadeTests.m; sourceTree = "<group>"; };
		8452DD8A241F740B00672F32 /* Info.plist */ = {isa = PBXFileReference; lastKnownFileType = text.plist.xml; path = Info.plist; sourceTree = "<group>"; };
		8452DD8F241F740B00672F32 /* NakitHowHuadeUITests.xctest */ = {isa = PBXFileReference; explicitFileType = wrapper.cfbundle; includeInIndex = 0; path = NakitHowHuadeUITests.xctest; sourceTree = BUILT_PRODUCTS_DIR; };
		8452DD93241F740B00672F32 /* NakitHowHuadeUITests.m */ = {isa = PBXFileReference; lastKnownFileType = sourcecode.c.objc; path = NakitHowHuadeUITests.m; sourceTree = "<group>"; };
		8452DD95241F740B00672F32 /* Info.plist */ = {isa = PBXFileReference; lastKnownFileType = text.plist.xml; path = Info.plist; sourceTree = "<group>"; };
		8452DDA2241F75E900672F32 /* resources.bundle */ = {isa = PBXFileReference; lastKnownFileType = "wrapper.plug-in"; path = resources.bundle; sourceTree = "<group>"; };
		8452DDA7241F75F200672F32 /* animal.plist */ = {isa = PBXFileReference; fileEncoding = 4; lastKnownFileType = text.plist.xml; path = animal.plist; sourceTree = "<group>"; };
		8452DDDE241F960200672F32 /* NakitToolsHeader.h */ = {isa = PBXFileReference; lastKnownFileType = sourcecode.c.h; path = NakitToolsHeader.h; sourceTree = "<group>"; };
		8452DDF1241FAB2700672F32 /* Messages.framework */ = {isa = PBXFileReference; lastKnownFileType = wrapper.framework; name = Messages.framework; path = System/Library/Frameworks/Messages.framework; sourceTree = SDKROOT; };
		8452DE44241FB37500672F32 /* e.app */ = {isa = PBXFileReference; explicitFileType = wrapper.application; includeInIndex = 0; path = e.app; sourceTree = BUILT_PRODUCTS_DIR; };
		8452DE47241FB37500672F32 /* e.appex */ = {isa = PBXFileReference; explicitFileType = "wrapper.app-extension"; includeInIndex = 0; path = e.appex; sourceTree = BUILT_PRODUCTS_DIR; };
		8452DE4B241FB37500672F32 /* Stickers.xcstickers */ = {isa = PBXFileReference; lastKnownFileType = folder.stickers; path = Stickers.xcstickers; sourceTree = "<group>"; };
		A0A3017E79B7F3254768ACA1 /* Pods-NakitHowHuade.release.xcconfig */ = {isa = PBXFileReference; includeInIndex = 1; lastKnownFileType = text.xcconfig; name = "Pods-NakitHowHuade.release.xcconfig"; path = "Target Support Files/Pods-NakitHowHuade/Pods-NakitHowHuade.release.xcconfig"; sourceTree = "<group>"; };
		A220EBACB24F36CC223CB79F /* Pods-NakitHowHuade.debug.xcconfig */ = {isa = PBXFileReference; includeInIndex = 1; lastKnownFileType = text.xcconfig; name = "Pods-NakitHowHuade.debug.xcconfig"; path = "Target Support Files/Pods-NakitHowHuade/Pods-NakitHowHuade.debug.xcconfig"; sourceTree = "<group>"; };
		FAE2333E7BD2CFD662FDF817 /* libPods-NakitHowHuade.a */ = {isa = PBXFileReference; explicitFileType = archive.ar; includeInIndex = 0; path = "libPods-NakitHowHuade.a"; sourceTree = BUILT_PRODUCTS_DIR; };
/* End PBXFileReference section */

/* Begin PBXFrameworksBuildPhase section */
		36C3023C067A03BE646710E6 /* Frameworks */ = {
			isa = PBXFrameworksBuildPhase;
			buildActionMask = 2147483647;
			files = (
			);
			runOnlyForDeploymentPostprocessing = 0;
		};
		8452DD66241F740800672F32 /* Frameworks */ = {
			isa = PBXFrameworksBuildPhase;
			buildActionMask = 2147483647;
			files = (
				AFA435FDFF392EEEFCD2B3D5 /* libPods-NakitHowHuade.a in Frameworks */,
			);
			runOnlyForDeploymentPostprocessing = 0;
		};
		8452DD81241F740B00672F32 /* Frameworks */ = {
			isa = PBXFrameworksBuildPhase;
			buildActionMask = 2147483647;
			files = (
			);
			runOnlyForDeploymentPostprocessing = 0;
		};
		8452DD8C241F740B00672F32 /* Frameworks */ = {
			isa = PBXFrameworksBuildPhase;
			buildActionMask = 2147483647;
			files = (
			);
			runOnlyForDeploymentPostprocessing = 0;
		};
		B37A03CF75812CEB938DBAD5 /* Frameworks */ = {
			isa = PBXFrameworksBuildPhase;
			buildActionMask = 2147483647;
			files = (
			);
			runOnlyForDeploymentPostprocessing = 0;
		};
/* End PBXFrameworksBuildPhase section */

/* Begin PBXGroup section */
		38F21AC957F6566DA84A870D /* Pods */ = {
			isa = PBXGroup;
			children = (
				A220EBACB24F36CC223CB79F /* Pods-NakitHowHuade.debug.xcconfig */,
				A0A3017E79B7F3254768ACA1 /* Pods-NakitHowHuade.release.xcconfig */,
			);
			path = Pods;
			sourceTree = "<group>";
		};
		8452DD60241F740800672F32 = {
			isa = PBXGroup;
			children = (
				8452DD6B241F740800672F32 /* NakitHowHuade */,
				8452DD87241F740B00672F32 /* NakitHowHuadeTests */,
				8452DD92241F740B00672F32 /* NakitHowHuadeUITests */,
				8452DDF0241FAB2700672F32 /* Frameworks */,
				8452DD6A241F740800672F32 /* Products */,
				38F21AC957F6566DA84A870D /* Pods */,
			);
			sourceTree = "<group>";
		};
		8452DD6A241F740800672F32 /* Products */ = {
			isa = PBXGroup;
			children = (
				8452DD69241F740800672F32 /* NakitHowHuade.app */,
				8452DD84241F740B00672F32 /* NakitHowHuadeTests.xctest */,
				8452DD8F241F740B00672F32 /* NakitHowHuadeUITests.xctest */,
				8452DE44241FB37500672F32 /* e.app */,
				8452DE47241FB37500672F32 /* e.appex */,
			);
			name = Products;
			sourceTree = "<group>";
		};
		8452DD6B241F740800672F32 /* NakitHowHuade */ = {
			isa = PBXGroup;
			children = (
				8452DD6C241F740800672F32 /* AppDelegate.h */,
				8452DD6D241F740800672F32 /* AppDelegate.m */,
				8452DD72241F740800672F32 /* ViewController.h */,
				8452DD73241F740800672F32 /* ViewController.m */,
				8452DDDE241F960200672F32 /* NakitToolsHeader.h */,
				8452DD75241F740800672F32 /* Main.storyboard */,
				8452DD78241F740B00672F32 /* Assets.xcassets */,
				8452DD7A241F740B00672F32 /* LaunchScreen.storyboard */,
				8452DD7D241F740B00672F32 /* Info.plist */,
				8452DD7E241F740B00672F32 /* main.m */,
				8452DDA1241F75D900672F32 /* HocResource */,
			);
			path = NakitHowHuade;
			sourceTree = "<group>";
		};
		8452DD87241F740B00672F32 /* NakitHowHuadeTests */ = {
			isa = PBXGroup;
			children = (
				8452DD88241F740B00672F32 /* NakitHowHuadeTests.m */,
				8452DD8A241F740B00672F32 /* Info.plist */,
			);
			path = NakitHowHuadeTests;
			sourceTree = "<group>";
		};
		8452DD92241F740B00672F32 /* NakitHowHuadeUITests */ = {
			isa = PBXGroup;
			children = (
				8452DD93241F740B00672F32 /* NakitHowHuadeUITests.m */,
				8452DD95241F740B00672F32 /* Info.plist */,
			);
			path = NakitHowHuadeUITests;
			sourceTree = "<group>";
		};
		8452DDA1241F75D900672F32 /* HocResource */ = {
			isa = PBXGroup;
			children = (
				8452DE4B241FB37500672F32 /* Stickers.xcstickers */,
				8452DDA4241F75F200672F32 /* Z_plist */,
				8452DDA2241F75E900672F32 /* resources.bundle */,
			);
			path = HocResource;
			sourceTree = "<group>";
		};
		8452DDA4241F75F200672F32 /* Z_plist */ = {
			isa = PBXGroup;
			children = (
				8452DDA7241F75F200672F32 /* animal.plist */,
			);
			path = Z_plist;
			sourceTree = "<group>";
		};
		8452DDF0241FAB2700672F32 /* Frameworks */ = {
			isa = PBXGroup;
			children = (
				8452DDF1241FAB2700672F32 /* Messages.framework */,
				FAE2333E7BD2CFD662FDF817 /* libPods-NakitHowHuade.a */,
			);
			name = Frameworks;
			sourceTree = "<group>";
		};
/* End PBXGroup section */

/* Begin PBXNativeTarget section */
		8452DD68241F740800672F32 /* NakitHowHuade */ = {
			isa = PBXNativeTarget;
			buildConfigurationList = 8452DD98241F740B00672F32 /* Build configuration list for PBXNativeTarget "NakitHowHuade" */;
			buildPhases = (
				371203B6988C286B1984FE3F /* [CP] Check Pods Manifest.lock */,
				8452DD65241F740800672F32 /* Sources */,
				8452DD66241F740800672F32 /* Frameworks */,
				8452DD67241F740800672F32 /* Resources */,
				66F89ACA1EE7ED48335EC91C /* [CP] Copy Pods Resources */,
			);
			buildRules = (
			);
			dependencies = (
			);
			name = NakitHowHuade;
			productName = NakitHowHuade;
			productReference = 8452DD69241F740800672F32 /* NakitHowHuade.app */;
			productType = "com.apple.product-type.application";
		};
		8452DD83241F740B00672F32 /* NakitHowHuadeTests */ = {
			isa = PBXNativeTarget;
			buildConfigurationList = 8452DD9B241F740B00672F32 /* Build configuration list for PBXNativeTarget "NakitHowHuadeTests" */;
			buildPhases = (
				8452DD80241F740B00672F32 /* Sources */,
				8452DD81241F740B00672F32 /* Frameworks */,
				8452DD82241F740B00672F32 /* Resources */,
			);
			buildRules = (
			);
			dependencies = (
				8452DD86241F740B00672F32 /* PBXTargetDependency */,
			);
			name = NakitHowHuadeTests;
			productName = NakitHowHuadeTests;
			productReference = 8452DD84241F740B00672F32 /* NakitHowHuadeTests.xctest */;
			productType = "com.apple.product-type.bundle.unit-test";
		};
		8452DD8E241F740B00672F32 /* NakitHowHuadeUITests */ = {
			isa = PBXNativeTarget;
			buildConfigurationList = 8452DD9E241F740B00672F32 /* Build configuration list for PBXNativeTarget "NakitHowHuadeUITests" */;
			buildPhases = (
				8452DD8B241F740B00672F32 /* Sources */,
				8452DD8C241F740B00672F32 /* Frameworks */,
				8452DD8D241F740B00672F32 /* Resources */,
			);
			buildRules = (
			);
			dependencies = (
				8452DD91241F740B00672F32 /* PBXTargetDependency */,
			);
			name = NakitHowHuadeUITests;
			productName = NakitHowHuadeUITests;
			productReference = 8452DD8F241F740B00672F32 /* NakitHowHuadeUITests.xctest */;
			productType = "com.apple.product-type.bundle.ui-testing";
		};
		8452DE43241FB37500672F32 /* e */ = {
			isa = PBXNativeTarget;
			buildConfigurationList = 8452DE52241FB37500672F32 /* Build configuration list for PBXNativeTarget "e" */;
			buildPhases = (
				8452DE42241FB37500672F32 /* Resources */,
				8452DE51241FB37500672F32 /* Embed App Extensions */,
				B37A03CF75812CEB938DBAD5 /* Frameworks */,
			);
			buildRules = (
			);
			dependencies = (
				8452DE4A241FB37500672F32 /* PBXTargetDependency */,
			);
			name = e;
			productName = e;
			productReference = 8452DE44241FB37500672F32 /* e.app */;
			productType = "com.apple.product-type.application.messages";
		};
		8452DE46241FB37500672F32 /* e StickerPackExtension */ = {
			isa = PBXNativeTarget;
			buildConfigurationList = 8452DE4E241FB37500672F32 /* Build configuration list for PBXNativeTarget "e StickerPackExtension" */;
			buildPhases = (
				8452DE45241FB37500672F32 /* Resources */,
				36C3023C067A03BE646710E6 /* Frameworks */,
			);
			buildRules = (
			);
			dependencies = (
			);
			name = "e StickerPackExtension";
			productName = "e StickerPackExtension";
			productReference = 8452DE47241FB37500672F32 /* e.appex */;
			productType = "com.apple.product-type.app-extension.messages-sticker-pack";
		};
/* End PBXNativeTarget section */

/* Begin PBXProject section */
		8452DD61241F740800672F32 /* Project object */ = {
			isa = PBXProject;
			attributes = {
				LastUpgradeCheck = 1130;
				ORGANIZATIONNAME = howhuade;
				TargetAttributes = {
					8452DD68241F740800672F32 = {
						CreatedOnToolsVersion = 11.3.1;
					};
					8452DD83241F740B00672F32 = {
						CreatedOnToolsVersion = 11.3.1;
						TestTargetID = 8452DD68241F740800672F32;
					};
					8452DD8E241F740B00672F32 = {
						CreatedOnToolsVersion = 11.3.1;
						TestTargetID = 8452DD68241F740800672F32;
					};
					8452DE43241FB37500672F32 = {
						CreatedOnToolsVersion = 11.3.1;
					};
					8452DE46241FB37500672F32 = {
						CreatedOnToolsVersion = 11.3.1;
					};
				};
			};
			buildConfigurationList = 8452DD64241F740800672F32 /* Build configuration list for PBXProject "NakitHowHuade" */;
			compatibilityVersion = "Xcode 9.3";
			developmentRegion = en;
			hasScannedForEncodings = 0;
			knownRegions = (
				en,
				Base,
			);
			mainGroup = 8452DD60241F740800672F32;
			productRefGroup = 8452DD6A241F740800672F32 /* Products */;
			projectDirPath = "";
			projectRoot = "";
			targets = (
				8452DD68241F740800672F32 /* NakitHowHuade */,
				8452DD83241F740B00672F32 /* NakitHowHuadeTests */,
				8452DD8E241F740B00672F32 /* NakitHowHuadeUITests */,
				8452DE43241FB37500672F32 /* e */,
				8452DE46241FB37500672F32 /* e StickerPackExtension */,
			);
		};
/* End PBXProject section */

/* Begin PBXResourcesBuildPhase section */
		8452DD67241F740800672F32 /* Resources */ = {
			isa = PBXResourcesBuildPhase;
			buildActionMask = 2147483647;
			files = (
				8452DD7C241F740B00672F32 /* LaunchScreen.storyboard in Resources */,
				8452DD79241F740B00672F32 /* Assets.xcassets in Resources */,
				8452DD77241F740800672F32 /* Main.storyboard in Resources */,
				8452DDA3241F75E900672F32 /* resources.bundle in Resources */,
				8452DDAE241F75F200672F32 /* animal.plist in Resources */,
			);
			runOnlyForDeploymentPostprocessing = 0;
		};
		8452DD82241F740B00672F32 /* Resources */ = {
			isa = PBXResourcesBuildPhase;
			buildActionMask = 2147483647;
			files = (
			);
			runOnlyForDeploymentPostprocessing = 0;
		};
		8452DD8D241F740B00672F32 /* Resources */ = {
			isa = PBXResourcesBuildPhase;
			buildActionMask = 2147483647;
			files = (
			);
			runOnlyForDeploymentPostprocessing = 0;
		};
		8452DE42241FB37500672F32 /* Resources */ = {
			isa = PBXResourcesBuildPhase;
			buildActionMask = 2147483647;
			files = (
				8452DE4D241FB37500672F32 /* Stickers.xcstickers in Resources */,
			);
			runOnlyForDeploymentPostprocessing = 0;
		};
		8452DE45241FB37500672F32 /* Resources */ = {
			isa = PBXResourcesBuildPhase;
			buildActionMask = 2147483647;
			files = (
				8452DE4C241FB37500672F32 /* Stickers.xcstickers in Resources */,
			);
			runOnlyForDeploymentPostprocessing = 0;
		};
/* End PBXResourcesBuildPhase section */

/* Begin PBXShellScriptBuildPhase section */
		371203B6988C286B1984FE3F /* [CP] Check Pods Manifest.lock */ = {
			isa = PBXShellScriptBuildPhase;
			buildActionMask = 2147483647;
			files = (
			);
			inputFileListPaths = (
			);
			inputPaths = (
				"${PODS_PODFILE_DIR_PATH}/Podfile.lock",
				"${PODS_ROOT}/Manifest.lock",
			);
			name = "[CP] Check Pods Manifest.lock";
			outputFileListPaths = (
			);
			outputPaths = (
				"$(DERIVED_FILE_DIR)/Pods-NakitHowHuade-checkManifestLockResult.txt",
			);
			runOnlyForDeploymentPostprocessing = 0;
			shellPath = /bin/sh;
			shellScript = "diff \"${PODS_PODFILE_DIR_PATH}/Podfile.lock\" \"${PODS_ROOT}/Manifest.lock\" > /dev/null\nif [ $? != 0 ] ; then\n    # print error to STDERR\n    echo \"error: The sandbox is not in sync with the Podfile.lock. Run 'pod install' or update your CocoaPods installation.\" >&2\n    exit 1\nfi\n# This output is used by Xcode 'outputs' to avoid re-running this script phase.\necho \"SUCCESS\" > \"${SCRIPT_OUTPUT_FILE_0}\"\n";
			showEnvVarsInLog = 0;
		};
		66F89ACA1EE7ED48335EC91C /* [CP] Copy Pods Resources */ = {
			isa = PBXShellScriptBuildPhase;
			buildActionMask = 2147483647;
			files = (
			);
			inputFileListPaths = (
				"${PODS_ROOT}/Target Support Files/Pods-NakitHowHuade/Pods-NakitHowHuade-resources-${CONFIGURATION}-input-files.xcfilelist",
			);
			name = "[CP] Copy Pods Resources";
			outputFileListPaths = (
				"${PODS_ROOT}/Target Support Files/Pods-NakitHowHuade/Pods-NakitHowHuade-resources-${CONFIGURATION}-output-files.xcfilelist",
			);
			runOnlyForDeploymentPostprocessing = 0;
			shellPath = /bin/sh;
			shellScript = "\"${PODS_ROOT}/Target Support Files/Pods-NakitHowHuade/Pods-NakitHowHuade-resources.sh\"\n";
			showEnvVarsInLog = 0;
		};
/* End PBXShellScriptBuildPhase section */

/* Begin PBXSourcesBuildPhase section */
		8452DD65241F740800672F32 /* Sources */ = {
			isa = PBXSourcesBuildPhase;
			buildActionMask = 2147483647;
			files = (
				8452DD74241F740800672F32 /* ViewController.m in Sources */,
				8452DD6E241F740800672F32 /* AppDelegate.m in Sources */,
				8452DD7F241F740B00672F32 /* main.m in Sources */,
			);
			runOnlyForDeploymentPostprocessing = 0;
		};
		8452DD80241F740B00672F32 /* Sources */ = {
			isa = PBXSourcesBuildPhase;
			buildActionMask = 2147483647;
			files = (
				8452DD89241F740B00672F32 /* NakitHowHuadeTests.m in Sources */,
			);
			runOnlyForDeploymentPostprocessing = 0;
		};
		8452DD8B241F740B00672F32 /* Sources */ = {
			isa = PBXSourcesBuildPhase;
			buildActionMask = 2147483647;
			files = (
				8452DD94241F740B00672F32 /* NakitHowHuadeUITests.m in Sources */,
			);
			runOnlyForDeploymentPostprocessing = 0;
		};
/* End PBXSourcesBuildPhase section */

/* Begin PBXTargetDependency section */
		8452DD86241F740B00672F32 /* PBXTargetDependency */ = {
			isa = PBXTargetDependency;
			target = 8452DD68241F740800672F32 /* NakitHowHuade */;
			targetProxy = 8452DD85241F740B00672F32 /* PBXContainerItemProxy */;
		};
		8452DD91241F740B00672F32 /* PBXTargetDependency */ = {
			isa = PBXTargetDependency;
			target = 8452DD68241F740800672F32 /* NakitHowHuade */;
			targetProxy = 8452DD90241F740B00672F32 /* PBXContainerItemProxy */;
		};
		8452DE4A241FB37500672F32 /* PBXTargetDependency */ = {
			isa = PBXTargetDependency;
			target = 8452DE46241FB37500672F32 /* e StickerPackExtension */;
			targetProxy = 8452DE49241FB37500672F32 /* PBXContainerItemProxy */;
		};
/* End PBXTargetDependency section */

/* Begin PBXVariantGroup section */
		8452DD75241F740800672F32 /* Main.storyboard */ = {
			isa = PBXVariantGroup;
			children = (
				8452DD76241F740800672F32 /* Base */,
			);
			name = Main.storyboard;
			sourceTree = "<group>";
		};
		8452DD7A241F740B00672F32 /* LaunchScreen.storyboard */ = {
			isa = PBXVariantGroup;
			children = (
				8452DD7B241F740B00672F32 /* Base */,
			);
			name = LaunchScreen.storyboard;
			sourceTree = "<group>";
		};
/* End PBXVariantGroup section */

/* Begin XCBuildConfiguration section */
		8452DD96241F740B00672F32 /* Debug */ = {
			isa = XCBuildConfiguration;
			buildSettings = {
				ALWAYS_SEARCH_USER_PATHS = NO;
				CLANG_ANALYZER_NONNULL = YES;
				CLANG_ANALYZER_NUMBER_OBJECT_CONVERSION = YES_AGGRESSIVE;
				CLANG_CXX_LANGUAGE_STANDARD = "gnu++14";
				CLANG_CXX_LIBRARY = "libc++";
				CLANG_ENABLE_MODULES = YES;
				CLANG_ENABLE_OBJC_ARC = YES;
				CLANG_ENABLE_OBJC_WEAK = YES;
				CLANG_WARN_BLOCK_CAPTURE_AUTORELEASING = YES;
				CLANG_WARN_BOOL_CONVERSION = YES;
				CLANG_WARN_COMMA = YES;
				CLANG_WARN_CONSTANT_CONVERSION = YES;
				CLANG_WARN_DEPRECATED_OBJC_IMPLEMENTATIONS = YES;
				CLANG_WARN_DIRECT_OBJC_ISA_USAGE = YES_ERROR;
				CLANG_WARN_DOCUMENTATION_COMMENTS = YES;
				CLANG_WARN_EMPTY_BODY = YES;
				CLANG_WARN_ENUM_CONVERSION = YES;
				CLANG_WARN_INFINITE_RECURSION = YES;
				CLANG_WARN_INT_CONVERSION = YES;
				CLANG_WARN_NON_LITERAL_NULL_CONVERSION = YES;
				CLANG_WARN_OBJC_IMPLICIT_RETAIN_SELF = YES;
				CLANG_WARN_OBJC_LITERAL_CONVERSION = YES;
				CLANG_WARN_OBJC_ROOT_CLASS = YES_ERROR;
				CLANG_WARN_RANGE_LOOP_ANALYSIS = YES;
				CLANG_WARN_STRICT_PROTOTYPES = YES;
				CLANG_WARN_SUSPICIOUS_MOVE = YES;
				CLANG_WARN_UNGUARDED_AVAILABILITY = YES_AGGRESSIVE;
				CLANG_WARN_UNREACHABLE_CODE = YES;
				CLANG_WARN__DUPLICATE_METHOD_MATCH = YES;
				COPY_PHASE_STRIP = NO;
				DEBUG_INFORMATION_FORMAT = dwarf;
				ENABLE_STRICT_OBJC_MSGSEND = YES;
				ENABLE_TESTABILITY = YES;
				GCC_C_LANGUAGE_STANDARD = gnu11;
				GCC_DYNAMIC_NO_PIC = NO;
				GCC_NO_COMMON_BLOCKS = YES;
				GCC_OPTIMIZATION_LEVEL = 0;
				GCC_PREPROCESSOR_DEFINITIONS = (
					"DEBUG=1",
					"$(inherited)",
				);
				GCC_WARN_64_TO_32_BIT_CONVERSION = YES;
				GCC_WARN_ABOUT_RETURN_TYPE = YES_ERROR;
				GCC_WARN_UNDECLARED_SELECTOR = YES;
				GCC_WARN_UNINITIALIZED_AUTOS = YES_AGGRESSIVE;
				GCC_WARN_UNUSED_FUNCTION = YES;
				GCC_WARN_UNUSED_VARIABLE = YES;
				IPHONEOS_DEPLOYMENT_TARGET = 10.0;
				MTL_ENABLE_DEBUG_INFO = INCLUDE_SOURCE;
				MTL_FAST_MATH = YES;
				ONLY_ACTIVE_ARCH = YES;
				SDKROOT = iphoneos;
			};
			name = Debug;
		};
		8452DD97241F740B00672F32 /* Release */ = {
			isa = XCBuildConfiguration;
			buildSettings = {
				ALWAYS_SEARCH_USER_PATHS = NO;
				CLANG_ANALYZER_NONNULL = YES;
				CLANG_ANALYZER_NUMBER_OBJECT_CONVERSION = YES_AGGRESSIVE;
				CLANG_CXX_LANGUAGE_STANDARD = "gnu++14";
				CLANG_CXX_LIBRARY = "libc++";
				CLANG_ENABLE_MODULES = YES;
				CLANG_ENABLE_OBJC_ARC = YES;
				CLANG_ENABLE_OBJC_WEAK = YES;
				CLANG_WARN_BLOCK_CAPTURE_AUTORELEASING = YES;
				CLANG_WARN_BOOL_CONVERSION = YES;
				CLANG_WARN_COMMA = YES;
				CLANG_WARN_CONSTANT_CONVERSION = YES;
				CLANG_WARN_DEPRECATED_OBJC_IMPLEMENTATIONS = YES;
				CLANG_WARN_DIRECT_OBJC_ISA_USAGE = YES_ERROR;
				CLANG_WARN_DOCUMENTATION_COMMENTS = YES;
				CLANG_WARN_EMPTY_BODY = YES;
				CLANG_WARN_ENUM_CONVERSION = YES;
				CLANG_WARN_INFINITE_RECURSION = YES;
				CLANG_WARN_INT_CONVERSION = YES;
				CLANG_WARN_NON_LITERAL_NULL_CONVERSION = YES;
				CLANG_WARN_OBJC_IMPLICIT_RETAIN_SELF = YES;
				CLANG_WARN_OBJC_LITERAL_CONVERSION = YES;
				CLANG_WARN_OBJC_ROOT_CLASS = YES_ERROR;
				CLANG_WARN_RANGE_LOOP_ANALYSIS = YES;
				CLANG_WARN_STRICT_PROTOTYPES = YES;
				CLANG_WARN_SUSPICIOUS_MOVE = YES;
				CLANG_WARN_UNGUARDED_AVAILABILITY = YES_AGGRESSIVE;
				CLANG_WARN_UNREACHABLE_CODE = YES;
				CLANG_WARN__DUPLICATE_METHOD_MATCH = YES;
				COPY_PHASE_STRIP = NO;
				DEBUG_INFORMATION_FORMAT = "dwarf-with-dsym";
				ENABLE_NS_ASSERTIONS = NO;
				ENABLE_STRICT_OBJC_MSGSEND = YES;
				GCC_C_LANGUAGE_STANDARD = gnu11;
				GCC_NO_COMMON_BLOCKS = YES;
				GCC_WARN_64_TO_32_BIT_CONVERSION = YES;
				GCC_WARN_ABOUT_RETURN_TYPE = YES_ERROR;
				GCC_WARN_UNDECLARED_SELECTOR = YES;
				GCC_WARN_UNINITIALIZED_AUTOS = YES_AGGRESSIVE;
				GCC_WARN_UNUSED_FUNCTION = YES;
				GCC_WARN_UNUSED_VARIABLE = YES;
				IPHONEOS_DEPLOYMENT_TARGET = 10.0;
				MTL_ENABLE_DEBUG_INFO = NO;
				MTL_FAST_MATH = YES;
				SDKROOT = iphoneos;
				VALIDATE_PRODUCT = YES;
			};
			name = Release;
		};
		8452DD99241F740B00672F32 /* Debug */ = {
			isa = XCBuildConfiguration;
			baseConfigurationReference = A220EBACB24F36CC223CB79F /* Pods-NakitHowHuade.debug.xcconfig */;
			buildSettings = {
				ASSETCATALOG_COMPILER_APPICON_NAME = AppIcon;
				CODE_SIGN_STYLE = Automatic;
				INFOPLIST_FILE = NakitHowHuade/Info.plist;
				IPHONEOS_DEPLOYMENT_TARGET = 10.0;
				LD_RUNPATH_SEARCH_PATHS = (
					"$(inherited)",
					"@executable_path/Frameworks",
				);
				PRODUCT_BUNDLE_IDENTIFIER = com.mental.howhuade;
				PRODUCT_NAME = "$(TARGET_NAME)";
				TARGETED_DEVICE_FAMILY = 1;
			};
			name = Debug;
		};
		8452DD9A241F740B00672F32 /* Release */ = {
			isa = XCBuildConfiguration;
			baseConfigurationReference = A0A3017E79B7F3254768ACA1 /* Pods-NakitHowHuade.release.xcconfig */;
			buildSettings = {
				ASSETCATALOG_COMPILER_APPICON_NAME = AppIcon;
				CODE_SIGN_STYLE = Automatic;
				INFOPLIST_FILE = NakitHowHuade/Info.plist;
				IPHONEOS_DEPLOYMENT_TARGET = 10.0;
				LD_RUNPATH_SEARCH_PATHS = (
					"$(inherited)",
					"@executable_path/Frameworks",
				);
				PRODUCT_BUNDLE_IDENTIFIER = com.mental.howhuade;
				PRODUCT_NAME = "$(TARGET_NAME)";
				TARGETED_DEVICE_FAMILY = 1;
			};
			name = Release;
		};
		8452DD9C241F740B00672F32 /* Debug */ = {
			isa = XCBuildConfiguration;
			buildSettings = {
				BUNDLE_LOADER = "$(TEST_HOST)";
				CODE_SIGN_STYLE = Automatic;
				INFOPLIST_FILE = NakitHowHuadeTests/Info.plist;
				IPHONEOS_DEPLOYMENT_TARGET = 13.2;
				LD_RUNPATH_SEARCH_PATHS = (
					"$(inherited)",
					"@executable_path/Frameworks",
					"@loader_path/Frameworks",
				);
				PRODUCT_BUNDLE_IDENTIFIER = com.mental.NakitHowHuadeTests;
				PRODUCT_NAME = "$(TARGET_NAME)";
				TARGETED_DEVICE_FAMILY = "1,2";
				TEST_HOST = "$(BUILT_PRODUCTS_DIR)/NakitHowHuade.app/NakitHowHuade";
			};
			name = Debug;
		};
		8452DD9D241F740B00672F32 /* Release */ = {
			isa = XCBuildConfiguration;
			buildSettings = {
				BUNDLE_LOADER = "$(TEST_HOST)";
				CODE_SIGN_STYLE = Automatic;
				INFOPLIST_FILE = NakitHowHuadeTests/Info.plist;
				IPHONEOS_DEPLOYMENT_TARGET = 13.2;
				LD_RUNPATH_SEARCH_PATHS = (
					"$(inherited)",
					"@executable_path/Frameworks",
					"@loader_path/Frameworks",
				);
				PRODUCT_BUNDLE_IDENTIFIER = com.mental.NakitHowHuadeTests;
				PRODUCT_NAME = "$(TARGET_NAME)";
				TARGETED_DEVICE_FAMILY = "1,2";
				TEST_HOST = "$(BUILT_PRODUCTS_DIR)/NakitHowHuade.app/NakitHowHuade";
			};
			name = Release;
		};
		8452DD9F241F740B00672F32 /* Debug */ = {
			isa = XCBuildConfiguration;
			buildSettings = {
				CODE_SIGN_STYLE = Automatic;
				INFOPLIST_FILE = NakitHowHuadeUITests/Info.plist;
				LD_RUNPATH_SEARCH_PATHS = (
					"$(inherited)",
					"@executable_path/Frameworks",
					"@loader_path/Frameworks",
				);
				PRODUCT_BUNDLE_IDENTIFIER = com.mental.NakitHowHuadeUITests;
				PRODUCT_NAME = "$(TARGET_NAME)";
				TARGETED_DEVICE_FAMILY = "1,2";
				TEST_TARGET_NAME = NakitHowHuade;
			};
			name = Debug;
		};
		8452DDA0241F740B00672F32 /* Release */ = {
			isa = XCBuildConfiguration;
			buildSettings = {
				CODE_SIGN_STYLE = Automatic;
				INFOPLIST_FILE = NakitHowHuadeUITests/Info.plist;
				LD_RUNPATH_SEARCH_PATHS = (
					"$(inherited)",
					"@executable_path/Frameworks",
					"@loader_path/Frameworks",
				);
				PRODUCT_BUNDLE_IDENTIFIER = com.mental.NakitHowHuadeUITests;
				PRODUCT_NAME = "$(TARGET_NAME)";
				TARGETED_DEVICE_FAMILY = "1,2";
				TEST_TARGET_NAME = NakitHowHuade;
			};
			name = Release;
		};
		8452DE4F241FB37500672F32 /* Debug */ = {
			isa = XCBuildConfiguration;
			buildSettings = {
				ASSETCATALOG_COMPILER_APPICON_NAME = "iMessage App Icon";
				CODE_SIGN_STYLE = Automatic;
				INFOPLIST_FILE = "e StickerPackExtension/Info.plist";
				IPHONEOS_DEPLOYMENT_TARGET = 10.0;
				PRODUCT_BUNDLE_IDENTIFIER = com.mental.e.StickerPackExtension;
				PRODUCT_NAME = e;
				SKIP_INSTALL = YES;
				TARGETED_DEVICE_FAMILY = 1;
			};
			name = Debug;
		};
		8452DE50241FB37500672F32 /* Release */ = {
			isa = XCBuildConfiguration;
			buildSettings = {
				ASSETCATALOG_COMPILER_APPICON_NAME = "iMessage App Icon";
				CODE_SIGN_STYLE = Automatic;
				INFOPLIST_FILE = "e StickerPackExtension/Info.plist";
				IPHONEOS_DEPLOYMENT_TARGET = 10.0;
				PRODUCT_BUNDLE_IDENTIFIER = com.mental.e.StickerPackExtension;
				PRODUCT_NAME = e;
				SKIP_INSTALL = YES;
				TARGETED_DEVICE_FAMILY = 1;
			};
			name = Release;
		};
		8452DE53241FB37500672F32 /* Debug */ = {
			isa = XCBuildConfiguration;
			buildSettings = {
				ASSETCATALOG_COMPILER_APPICON_NAME = "iMessage App Icon";
				CODE_SIGN_STYLE = Automatic;
				INFOPLIST_FILE = e/Info.plist;
				IPHONEOS_DEPLOYMENT_TARGET = 10.0;
				PRODUCT_BUNDLE_IDENTIFIER = com.mental.e;
				PRODUCT_NAME = e;
				TARGETED_DEVICE_FAMILY = "1,2";
			};
			name = Debug;
		};
		8452DE54241FB37500672F32 /* Release */ = {
			isa = XCBuildConfiguration;
			buildSettings = {
				ASSETCATALOG_COMPILER_APPICON_NAME = "iMessage App Icon";
				CODE_SIGN_STYLE = Automatic;
				INFOPLIST_FILE = e/Info.plist;
				IPHONEOS_DEPLOYMENT_TARGET = 10.0;
				PRODUCT_BUNDLE_IDENTIFIER = com.mental.e;
				PRODUCT_NAME = e;
				TARGETED_DEVICE_FAMILY = "1,2";
			};
			name = Release;
		};
/* End XCBuildConfiguration section */

/* Begin XCConfigurationList section */
		8452DD64241F740800672F32 /* Build configuration list for PBXProject "NakitHowHuade" */ = {
			isa = XCConfigurationList;
			buildConfigurations = (
				8452DD96241F740B00672F32 /* Debug */,
				8452DD97241F740B00672F32 /* Release */,
			);
			defaultConfigurationIsVisible = 0;
			defaultConfigurationName = Release;
		};
		8452DD98241F740B00672F32 /* Build configuration list for PBXNativeTarget "NakitHowHuade" */ = {
			isa = XCConfigurationList;
			buildConfigurations = (
				8452DD99241F740B00672F32 /* Debug */,
				8452DD9A241F740B00672F32 /* Release */,
			);
			defaultConfigurationIsVisible = 0;
			defaultConfigurationName = Release;
		};
		8452DD9B241F740B00672F32 /* Build configuration list for PBXNativeTarget "NakitHowHuadeTests" */ = {
			isa = XCConfigurationList;
			buildConfigurations = (
				8452DD9C241F740B00672F32 /* Debug */,
				8452DD9D241F740B00672F32 /* Release */,
			);
			defaultConfigurationIsVisible = 0;
			defaultConfigurationName = Release;
		};
		8452DD9E241F740B00672F32 /* Build configuration list for PBXNativeTarget "NakitHowHuadeUITests" */ = {
			isa = XCConfigurationList;
			buildConfigurations = (
				8452DD9F241F740B00672F32 /* Debug */,
				8452DDA0241F740B00672F32 /* Release */,
			);
			defaultConfigurationIsVisible = 0;
			defaultConfigurationName = Release;
		};
		8452DE4E241FB37500672F32 /* Build configuration list for PBXNativeTarget "e StickerPackExtension" */ = {
			isa = XCConfigurationList;
			buildConfigurations = (
				8452DE4F241FB37500672F32 /* Debug */,
				8452DE50241FB37500672F32 /* Release */,
			);
			defaultConfigurationIsVisible = 0;
			defaultConfigurationName = Release;
		};
		8452DE52241FB37500672F32 /* Build configuration list for PBXNativeTarget "e" */ = {
			isa = XCConfigurationList;
			buildConfigurations = (
				8452DE53241FB37500672F32 /* Debug */,
				8452DE54241FB37500672F32 /* Release */,
			);
			defaultConfigurationIsVisible = 0;
			defaultConfigurationName = Release;
		};
/* End XCConfigurationList section */
	};
	rootObject = 8452DD61241F740800672F32 /* Project object */;
}
